
Microsoft Visual Studio Solution File, Format Version 12.00
# Visual Studio 15
Project("{FAE04EC0-301F-11D3-BF4B-00C04F79EFBC}") = "MyFirstAPI", "MyFirstAPI\MyFirstAPI.csproj", "{6F38A431-7E55-457B-B45E-C6E1AE056494}"
EndProject
Global
	GlobalSection(SolutionConfigurationPlatforms) = preSolution
		Debug|Any CPU = Debug|Any CPU
		Release|Any CPU = Release|Any CPU
	EndGlobalSection
	GlobalSection(ProjectConfigurationPlatforms) = postSolution
		{6F38A431-7E55-457B-B45E-C6E1AE056494}.Debug|Any CPU.ActiveCfg = Debug|Any CPU
		{6F38A431-7E55-457B-B45E-C6E1AE056494}.Debug|Any CPU.Build.0 = Debug|Any CPU
		{6F38A431-7E55-457B-B45E-C6E1AE056494}.Release|Any CPU.ActiveCfg = Release|Any CPU
		{6F38A431-7E55-457B-B45E-C6E1AE056494}.Release|Any CPU.Build.0 = Release|Any CPU
	EndGlobalSection
EndGlobal
